
Microsoft Visual Studio Solution File, Format Version 12.00
# Visual Studio Version 17
VisualStudioVersion = 17.4.33110.190
MinimumVisualStudioVersion = 10.0.40219.1
Project("{FAE04EC0-301F-11D3-BF4B-00C04F79EFBC}") = "C_GUI", "C_GUI\C_GUI.csproj", "{BCADD884-94E2-4329-8A00-CFFFAD47B1B4}"
EndProject
Project("{FAE04EC0-301F-11D3-BF4B-00C04F79EFBC}") = "A_DAL", "A_DAL\A_DAL.csproj", "{4021A095-0995-4CF9-A33E-524EF005B4B6}"
EndProject
Project("{FAE04EC0-301F-11D3-BF4B-00C04F79EFBC}") = "B_BUS", "B_BUS\B_BUS.csproj", "{9FAFF787-98AE-412B-A8AF-86D9D61DB85A}"
EndProject
Global
	GlobalSection(SolutionConfigurationPlatforms) = preSolution
		Debug|Any CPU = Debug|Any CPU
		Release|Any CPU = Release|Any CPU
	EndGlobalSection
	GlobalSection(ProjectConfigurationPlatforms) = postSolution
		{BCADD884-94E2-4329-8A00-CFFFAD47B1B4}.Debug|Any CPU.ActiveCfg = Debug|Any CPU
		{BCADD884-94E2-4329-8A00-CFFFAD47B1B4}.Debug|Any CPU.Build.0 = Debug|Any CPU
		{BCADD884-94E2-4329-8A00-CFFFAD47B1B4}.Release|Any CPU.ActiveCfg = Release|Any CPU
		{BCADD884-94E2-4329-8A00-CFFFAD47B1B4}.Release|Any CPU.Build.0 = Release|Any CPU
		{4021A095-0995-4CF9-A33E-524EF005B4B6}.Debug|Any CPU.ActiveCfg = Debug|Any CPU
		{4021A095-0995-4CF9-A33E-524EF005B4B6}.Debug|Any CPU.Build.0 = Debug|Any CPU
		{4021A095-0995-4CF9-A33E-524EF005B4B6}.Release|Any CPU.ActiveCfg = Release|Any CPU
		{4021A095-0995-4CF9-A33E-524EF005B4B6}.Release|Any CPU.Build.0 = Release|Any CPU
		{9FAFF787-98AE-412B-A8AF-86D9D61DB85A}.Debug|Any CPU.ActiveCfg = Debug|Any CPU
		{9FAFF787-98AE-412B-A8AF-86D9D61DB85A}.Debug|Any CPU.Build.0 = Debug|Any CPU
		{9FAFF787-98AE-412B-A8AF-86D9D61DB85A}.Release|Any CPU.ActiveCfg = Release|Any CPU
		{9FAFF787-98AE-412B-A8AF-86D9D61DB85A}.Release|Any CPU.Build.0 = Release|Any CPU
	EndGlobalSection
	GlobalSection(SolutionProperties) = preSolution
		HideSolutionNode = FALSE
	EndGlobalSection
	GlobalSection(ExtensibilityGlobals) = postSolution
		SolutionGuid = {77C95823-031A-4251-B4D6-18EA06B86EDE}
	EndGlobalSection
EndGlobal
